
Microsoft Visual Studio Solution File, Format Version 12.00
# Visual Studio Version 17
VisualStudioVersion = 17.8.34309.116
MinimumVisualStudioVersion = 10.0.40219.1
Project("{FAE04EC0-301F-11D3-BF4B-00C04F79EFBC}") = "ShoppingCart_Application", "ShoppingCart_Application\ShoppingCart_Application.csproj", "{F4F7C264-225A-4D2B-841E-D344E93475B5}"
EndProject
Project("{FAE04EC0-301F-11D3-BF4B-00C04F79EFBC}") = "ShoppingCart_infrastructure", "ShoppingCart_infrastructure\ShoppingCart_infrastructure.csproj", "{5C343809-6FF8-456C-A5EE-D011C984D345}"
EndProject
Project("{FAE04EC0-301F-11D3-BF4B-00C04F79EFBC}") = "ShoppingCart_Domain", "ShoppingCart_Domain\ShoppingCart_Domain.csproj", "{D3979907-8675-40E4-89C5-49A587F99FF2}"
EndProject
Global
	GlobalSection(SolutionConfigurationPlatforms) = preSolution
		Debug|Any CPU = Debug|Any CPU
		Release|Any CPU = Release|Any CPU
	EndGlobalSection
	GlobalSection(ProjectConfigurationPlatforms) = postSolution
		{F4F7C264-225A-4D2B-841E-D344E93475B5}.Debug|Any CPU.ActiveCfg = Debug|Any CPU
		{F4F7C264-225A-4D2B-841E-D344E93475B5}.Debug|Any CPU.Build.0 = Debug|Any CPU
		{F4F7C264-225A-4D2B-841E-D344E93475B5}.Release|Any CPU.ActiveCfg = Release|Any CPU
		{F4F7C264-225A-4D2B-841E-D344E93475B5}.Release|Any CPU.Build.0 = Release|Any CPU
		{5C343809-6FF8-456C-A5EE-D011C984D345}.Debug|Any CPU.ActiveCfg = Debug|Any CPU
		{5C343809-6FF8-456C-A5EE-D011C984D345}.Debug|Any CPU.Build.0 = Debug|Any CPU
		{5C343809-6FF8-456C-A5EE-D011C984D345}.Release|Any CPU.ActiveCfg = Release|Any CPU
		{5C343809-6FF8-456C-A5EE-D011C984D345}.Release|Any CPU.Build.0 = Release|Any CPU
		{D3979907-8675-40E4-89C5-49A587F99FF2}.Debug|Any CPU.ActiveCfg = Debug|Any CPU
		{D3979907-8675-40E4-89C5-49A587F99FF2}.Debug|Any CPU.Build.0 = Debug|Any CPU
		{D3979907-8675-40E4-89C5-49A587F99FF2}.Release|Any CPU.ActiveCfg = Release|Any CPU
		{D3979907-8675-40E4-89C5-49A587F99FF2}.Release|Any CPU.Build.0 = Release|Any CPU
	EndGlobalSection
	GlobalSection(SolutionProperties) = preSolution
		HideSolutionNode = FALSE
	EndGlobalSection
	GlobalSection(ExtensibilityGlobals) = postSolution
		SolutionGuid = {8BFFCE4F-F51A-4138-9E76-7B87E65F87BB}
	EndGlobalSection
EndGlobal
